
Microsoft Visual Studio Solution File, Format Version 12.00
# Visual Studio Version 16
VisualStudioVersion = 16.0.32228.343
MinimumVisualStudioVersion = 10.0.40219.1
Project("{FAE04EC0-301F-11D3-BF4B-00C04F79EFBC}") = "TestKolejki", "TestKolejki.csproj", "{6236641C-1D26-46C0-A1CF-15452BCCBFC2}"
EndProject
Global
	GlobalSection(SolutionConfigurationPlatforms) = preSolution
		Debug|Any CPU = Debug|Any CPU
		Release|Any CPU = Release|Any CPU
	EndGlobalSection
	GlobalSection(ProjectConfigurationPlatforms) = postSolution
		{6236641C-1D26-46C0-A1CF-15452BCCBFC2}.Debug|Any CPU.ActiveCfg = Debug|Any CPU
		{6236641C-1D26-46C0-A1CF-15452BCCBFC2}.Debug|Any CPU.Build.0 = Debug|Any CPU
		{6236641C-1D26-46C0-A1CF-15452BCCBFC2}.Release|Any CPU.ActiveCfg = Release|Any CPU
		{6236641C-1D26-46C0-A1CF-15452BCCBFC2}.Release|Any CPU.Build.0 = Release|Any CPU
	EndGlobalSection
	GlobalSection(SolutionProperties) = preSolution
		HideSolutionNode = FALSE
	EndGlobalSection
	GlobalSection(ExtensibilityGlobals) = postSolution
		SolutionGuid = {47A88435-9CDD-4D56-A66C-CFCE35F3904A}
	EndGlobalSection
EndGlobal
